
Microsoft Visual Studio Solution File, Format Version 12.00
# Visual Studio Version 17
VisualStudioVersion = 17.7.34003.232
MinimumVisualStudioVersion = 10.0.40219.1
Project("{FAE04EC0-301F-11D3-BF4B-00C04F79EFBC}") = "MyWebApp", "MyWebApp.csproj", "{B99771BB-4C95-4749-BAA9-0722B7C6FAD1}"
EndProject
Global
	GlobalSection(SolutionConfigurationPlatforms) = preSolution
		Debug|Any CPU = Debug|Any CPU
		Release|Any CPU = Release|Any CPU
	EndGlobalSection
	GlobalSection(ProjectConfigurationPlatforms) = postSolution
		{B99771BB-4C95-4749-BAA9-0722B7C6FAD1}.Debug|Any CPU.ActiveCfg = Debug|Any CPU
		{B99771BB-4C95-4749-BAA9-0722B7C6FAD1}.Debug|Any CPU.Build.0 = Debug|Any CPU
		{B99771BB-4C95-4749-BAA9-0722B7C6FAD1}.Release|Any CPU.ActiveCfg = Release|Any CPU
		{B99771BB-4C95-4749-BAA9-0722B7C6FAD1}.Release|Any CPU.Build.0 = Release|Any CPU
	EndGlobalSection
	GlobalSection(SolutionProperties) = preSolution
		HideSolutionNode = FALSE
	EndGlobalSection
	GlobalSection(ExtensibilityGlobals) = postSolution
		SolutionGuid = {1CF635AB-6E22-45D6-A1B5-C38A2262A6B2}
	EndGlobalSection
EndGlobal
